
Microsoft Visual Studio Solution File, Format Version 12.00
# Visual Studio Version 16
VisualStudioVersion = 16.0.34114.132
MinimumVisualStudioVersion = 10.0.40219.1
Project("{FAE04EC0-301F-11D3-BF4B-00C04F79EFBC}") = "Tyuiu.BorodulinMS.Sprint6.Review.V5.Lib", "Tyuiu.BorodulinMS.Sprint6.Review.V5.Lib\Tyuiu.BorodulinMS.Sprint6.Review.V5.Lib.csproj", "{62AAD294-C77F-45C2-A319-62230DF04522}"
EndProject
Project("{FAE04EC0-301F-11D3-BF4B-00C04F79EFBC}") = "Tyuiu.BorodulinMS.Sprint6.Review.V5.Test", "Tyuiu.BorodulinMS.Sprint6.Review.V5.Test\Tyuiu.BorodulinMS.Sprint6.Review.V5.Test.csproj", "{D9143008-D639-463C-B195-A37CF99B14AA}"
EndProject
Project("{FAE04EC0-301F-11D3-BF4B-00C04F79EFBC}") = "Tyuiu.BorodulinMS.Sprint6.Review.V5", "Tyuiu.BorodulinMS.Sprint6.Review.V5\Tyuiu.BorodulinMS.Sprint6.Review.V5.csproj", "{C2812D8F-64DD-4500-9ADD-C59E94DC784E}"
EndProject
Global
	GlobalSection(SolutionConfigurationPlatforms) = preSolution
		Debug|Any CPU = Debug|Any CPU
		Release|Any CPU = Release|Any CPU
	EndGlobalSection
	GlobalSection(ProjectConfigurationPlatforms) = postSolution
		{62AAD294-C77F-45C2-A319-62230DF04522}.Debug|Any CPU.ActiveCfg = Debug|Any CPU
		{62AAD294-C77F-45C2-A319-62230DF04522}.Debug|Any CPU.Build.0 = Debug|Any CPU
		{62AAD294-C77F-45C2-A319-62230DF04522}.Release|Any CPU.ActiveCfg = Release|Any CPU
		{62AAD294-C77F-45C2-A319-62230DF04522}.Release|Any CPU.Build.0 = Release|Any CPU
		{D9143008-D639-463C-B195-A37CF99B14AA}.Debug|Any CPU.ActiveCfg = Debug|Any CPU
		{D9143008-D639-463C-B195-A37CF99B14AA}.Debug|Any CPU.Build.0 = Debug|Any CPU
		{D9143008-D639-463C-B195-A37CF99B14AA}.Release|Any CPU.ActiveCfg = Release|Any CPU
		{D9143008-D639-463C-B195-A37CF99B14AA}.Release|Any CPU.Build.0 = Release|Any CPU
		{C2812D8F-64DD-4500-9ADD-C59E94DC784E}.Debug|Any CPU.ActiveCfg = Debug|Any CPU
		{C2812D8F-64DD-4500-9ADD-C59E94DC784E}.Debug|Any CPU.Build.0 = Debug|Any CPU
		{C2812D8F-64DD-4500-9ADD-C59E94DC784E}.Release|Any CPU.ActiveCfg = Release|Any CPU
		{C2812D8F-64DD-4500-9ADD-C59E94DC784E}.Release|Any CPU.Build.0 = Release|Any CPU
	EndGlobalSection
	GlobalSection(SolutionProperties) = preSolution
		HideSolutionNode = FALSE
	EndGlobalSection
	GlobalSection(ExtensibilityGlobals) = postSolution
		SolutionGuid = {430D82FC-953A-421A-B958-C2C946B01511}
	EndGlobalSection
EndGlobal
